
Microsoft Visual Studio Solution File, Format Version 12.00
# Visual Studio Version 16
VisualStudioVersion = 16.0.31019.35
MinimumVisualStudioVersion = 10.0.40219.1
Project("{FAE04EC0-301F-11D3-BF4B-00C04F79EFBC}") = "TestApp.API", "TestApp.API.csproj", "{92B79F28-A8ED-4199-B5A2-D35A3FC9F8C3}"
EndProject
Project("{FAE04EC0-301F-11D3-BF4B-00C04F79EFBC}") = "TestApp.Tests", "..\TestApp.Tests\TestApp.Tests.csproj", "{220EC02B-91B1-4707-A47A-2EE5C4B096F8}"
EndProject
Global
	GlobalSection(SolutionConfigurationPlatforms) = preSolution
		Debug|Any CPU = Debug|Any CPU
		Release|Any CPU = Release|Any CPU
	EndGlobalSection
	GlobalSection(ProjectConfigurationPlatforms) = postSolution
		{92B79F28-A8ED-4199-B5A2-D35A3FC9F8C3}.Debug|Any CPU.ActiveCfg = Debug|Any CPU
		{92B79F28-A8ED-4199-B5A2-D35A3FC9F8C3}.Debug|Any CPU.Build.0 = Debug|Any CPU
		{92B79F28-A8ED-4199-B5A2-D35A3FC9F8C3}.Release|Any CPU.ActiveCfg = Release|Any CPU
		{92B79F28-A8ED-4199-B5A2-D35A3FC9F8C3}.Release|Any CPU.Build.0 = Release|Any CPU
		{220EC02B-91B1-4707-A47A-2EE5C4B096F8}.Debug|Any CPU.ActiveCfg = Debug|Any CPU
		{220EC02B-91B1-4707-A47A-2EE5C4B096F8}.Debug|Any CPU.Build.0 = Debug|Any CPU
		{220EC02B-91B1-4707-A47A-2EE5C4B096F8}.Release|Any CPU.ActiveCfg = Release|Any CPU
		{220EC02B-91B1-4707-A47A-2EE5C4B096F8}.Release|Any CPU.Build.0 = Release|Any CPU
	EndGlobalSection
	GlobalSection(SolutionProperties) = preSolution
		HideSolutionNode = FALSE
	EndGlobalSection
	GlobalSection(ExtensibilityGlobals) = postSolution
		SolutionGuid = {9E45630D-296A-426D-B586-76598AC03038}
	EndGlobalSection
EndGlobal
